
Microsoft Visual Studio Solution File, Format Version 12.00
# Visual Studio Version 16
VisualStudioVersion = 16.0.31410.357
MinimumVisualStudioVersion = 10.0.40219.1
Project("{FAE04EC0-301F-11D3-BF4B-00C04F79EFBC}") = "Task.API", "Task.API\Task.API.csproj", "{B9FEEDE6-A487-4695-BCFB-7F63E064F690}"
EndProject
Project("{FAE04EC0-301F-11D3-BF4B-00C04F79EFBC}") = "Task.Domain", "Task.Domain\Task.Domain.csproj", "{8B8FE36B-EAA4-42EE-B1AB-720F54A35685}"
EndProject
Project("{FAE04EC0-301F-11D3-BF4B-00C04F79EFBC}") = "Task.Infrastructure", "Task.Infrastructure\Task.Infrastructure.csproj", "{C54034CA-CA29-484D-92CE-867098087641}"
EndProject
Global
	GlobalSection(SolutionConfigurationPlatforms) = preSolution
		Debug|Any CPU = Debug|Any CPU
		Release|Any CPU = Release|Any CPU
	EndGlobalSection
	GlobalSection(ProjectConfigurationPlatforms) = postSolution
		{B9FEEDE6-A487-4695-BCFB-7F63E064F690}.Debug|Any CPU.ActiveCfg = Debug|Any CPU
		{B9FEEDE6-A487-4695-BCFB-7F63E064F690}.Debug|Any CPU.Build.0 = Debug|Any CPU
		{B9FEEDE6-A487-4695-BCFB-7F63E064F690}.Release|Any CPU.ActiveCfg = Release|Any CPU
		{B9FEEDE6-A487-4695-BCFB-7F63E064F690}.Release|Any CPU.Build.0 = Release|Any CPU
		{8B8FE36B-EAA4-42EE-B1AB-720F54A35685}.Debug|Any CPU.ActiveCfg = Debug|Any CPU
		{8B8FE36B-EAA4-42EE-B1AB-720F54A35685}.Debug|Any CPU.Build.0 = Debug|Any CPU
		{8B8FE36B-EAA4-42EE-B1AB-720F54A35685}.Release|Any CPU.ActiveCfg = Release|Any CPU
		{8B8FE36B-EAA4-42EE-B1AB-720F54A35685}.Release|Any CPU.Build.0 = Release|Any CPU
		{C54034CA-CA29-484D-92CE-867098087641}.Debug|Any CPU.ActiveCfg = Debug|Any CPU
		{C54034CA-CA29-484D-92CE-867098087641}.Debug|Any CPU.Build.0 = Debug|Any CPU
		{C54034CA-CA29-484D-92CE-867098087641}.Release|Any CPU.ActiveCfg = Release|Any CPU
		{C54034CA-CA29-484D-92CE-867098087641}.Release|Any CPU.Build.0 = Release|Any CPU
	EndGlobalSection
	GlobalSection(SolutionProperties) = preSolution
		HideSolutionNode = FALSE
	EndGlobalSection
	GlobalSection(ExtensibilityGlobals) = postSolution
		SolutionGuid = {66FC7F97-94E9-4288-842A-505188F5A34B}
	EndGlobalSection
EndGlobal
